
Microsoft Visual Studio Solution File, Format Version 12.00
# Visual Studio Version 16
VisualStudioVersion = 16.0.31624.102
MinimumVisualStudioVersion = 10.0.40219.1
Project("{F184B08F-C81C-45F6-A57F-5ABD9991F28F}") = "ejemploIfElse", "ejemploIfElse\ejemploIfElse.vbproj", "{6DC1E4EB-8F2E-4DB6-A501-14F4B5340DD2}"
EndProject
Global
	GlobalSection(SolutionConfigurationPlatforms) = preSolution
		Debug|Any CPU = Debug|Any CPU
		Release|Any CPU = Release|Any CPU
	EndGlobalSection
	GlobalSection(ProjectConfigurationPlatforms) = postSolution
		{6DC1E4EB-8F2E-4DB6-A501-14F4B5340DD2}.Debug|Any CPU.ActiveCfg = Debug|Any CPU
		{6DC1E4EB-8F2E-4DB6-A501-14F4B5340DD2}.Debug|Any CPU.Build.0 = Debug|Any CPU
		{6DC1E4EB-8F2E-4DB6-A501-14F4B5340DD2}.Release|Any CPU.ActiveCfg = Release|Any CPU
		{6DC1E4EB-8F2E-4DB6-A501-14F4B5340DD2}.Release|Any CPU.Build.0 = Release|Any CPU
	EndGlobalSection
	GlobalSection(SolutionProperties) = preSolution
		HideSolutionNode = FALSE
	EndGlobalSection
	GlobalSection(ExtensibilityGlobals) = postSolution
		SolutionGuid = {E572CFA6-C1B6-46B7-95BC-176CFB0F7771}
	EndGlobalSection
EndGlobal
