
Microsoft Visual Studio Solution File, Format Version 12.00
# Visual Studio Version 16
VisualStudioVersion = 16.0.31624.102
MinimumVisualStudioVersion = 10.0.40219.1
Project("{F184B08F-C81C-45F6-A57F-5ABD9991F28F}") = "ExplicacionArchivos", "ExplicacionArchivos\ExplicacionArchivos.vbproj", "{38B0CEFB-1D4A-4309-B502-4FE507AAC1D6}"
EndProject
Global
	GlobalSection(SolutionConfigurationPlatforms) = preSolution
		Debug|Any CPU = Debug|Any CPU
		Release|Any CPU = Release|Any CPU
	EndGlobalSection
	GlobalSection(ProjectConfigurationPlatforms) = postSolution
		{38B0CEFB-1D4A-4309-B502-4FE507AAC1D6}.Debug|Any CPU.ActiveCfg = Debug|Any CPU
		{38B0CEFB-1D4A-4309-B502-4FE507AAC1D6}.Debug|Any CPU.Build.0 = Debug|Any CPU
		{38B0CEFB-1D4A-4309-B502-4FE507AAC1D6}.Release|Any CPU.ActiveCfg = Release|Any CPU
		{38B0CEFB-1D4A-4309-B502-4FE507AAC1D6}.Release|Any CPU.Build.0 = Release|Any CPU
	EndGlobalSection
	GlobalSection(SolutionProperties) = preSolution
		HideSolutionNode = FALSE
	EndGlobalSection
	GlobalSection(ExtensibilityGlobals) = postSolution
		SolutionGuid = {9B83CE79-B2A1-4BB8-8B17-F6E77F8FFC25}
	EndGlobalSection
EndGlobal
