
Microsoft Visual Studio Solution File, Format Version 12.00
# Visual Studio Version 16
VisualStudioVersion = 16.0.31624.102
MinimumVisualStudioVersion = 10.0.40219.1
Project("{F184B08F-C81C-45F6-A57F-5ABD9991F28F}") = "PRUEBAGITHUB", "PRUEBAGITHUB\PRUEBAGITHUB.vbproj", "{C9ECF02F-40E2-497A-B7B8-848EE0CEEC8E}"
EndProject
Global
	GlobalSection(SolutionConfigurationPlatforms) = preSolution
		Debug|Any CPU = Debug|Any CPU
		Release|Any CPU = Release|Any CPU
	EndGlobalSection
	GlobalSection(ProjectConfigurationPlatforms) = postSolution
		{C9ECF02F-40E2-497A-B7B8-848EE0CEEC8E}.Debug|Any CPU.ActiveCfg = Debug|Any CPU
		{C9ECF02F-40E2-497A-B7B8-848EE0CEEC8E}.Debug|Any CPU.Build.0 = Debug|Any CPU
		{C9ECF02F-40E2-497A-B7B8-848EE0CEEC8E}.Release|Any CPU.ActiveCfg = Release|Any CPU
		{C9ECF02F-40E2-497A-B7B8-848EE0CEEC8E}.Release|Any CPU.Build.0 = Release|Any CPU
	EndGlobalSection
	GlobalSection(SolutionProperties) = preSolution
		HideSolutionNode = FALSE
	EndGlobalSection
	GlobalSection(ExtensibilityGlobals) = postSolution
		SolutionGuid = {C6BC0C18-06B7-4D6D-B31F-647972690627}
	EndGlobalSection
EndGlobal
