
Microsoft Visual Studio Solution File, Format Version 12.00
# Visual Studio Version 16
VisualStudioVersion = 16.0.31624.102
MinimumVisualStudioVersion = 10.0.40219.1
Project("{F184B08F-C81C-45F6-A57F-5ABD9991F28F}") = "EjemploColecciones", "EjemploColecciones\EjemploColecciones.vbproj", "{DF5E8E47-E4D6-498E-87B7-3C24A6F2D456}"
EndProject
Global
	GlobalSection(SolutionConfigurationPlatforms) = preSolution
		Debug|Any CPU = Debug|Any CPU
		Release|Any CPU = Release|Any CPU
	EndGlobalSection
	GlobalSection(ProjectConfigurationPlatforms) = postSolution
		{DF5E8E47-E4D6-498E-87B7-3C24A6F2D456}.Debug|Any CPU.ActiveCfg = Debug|Any CPU
		{DF5E8E47-E4D6-498E-87B7-3C24A6F2D456}.Debug|Any CPU.Build.0 = Debug|Any CPU
		{DF5E8E47-E4D6-498E-87B7-3C24A6F2D456}.Release|Any CPU.ActiveCfg = Release|Any CPU
		{DF5E8E47-E4D6-498E-87B7-3C24A6F2D456}.Release|Any CPU.Build.0 = Release|Any CPU
	EndGlobalSection
	GlobalSection(SolutionProperties) = preSolution
		HideSolutionNode = FALSE
	EndGlobalSection
	GlobalSection(ExtensibilityGlobals) = postSolution
		SolutionGuid = {FD6C5B83-564A-4178-9698-ED158AA1FAC6}
	EndGlobalSection
EndGlobal
